
Microsoft Visual Studio Solution File, Format Version 12.00
# Visual Studio Version 17
VisualStudioVersion = 17.10.34707.107
MinimumVisualStudioVersion = 10.0.40219.1
Project("{FAE04EC0-301F-11D3-BF4B-00C04F79EFBC}") = "Order.API", "Order.API\Order.API.csproj", "{5DFB9E6C-37F5-4DE2-92D7-BF20491B00C1}"
EndProject
Project("{FAE04EC0-301F-11D3-BF4B-00C04F79EFBC}") = "Stok.API", "Stok.API\Stok.API.csproj", "{889B3377-157A-4B56-8392-0E1C96B116B9}"
EndProject
Project("{FAE04EC0-301F-11D3-BF4B-00C04F79EFBC}") = "Payment.API", "Payment.API\Payment.API.csproj", "{8B1FC46A-30B6-44D9-9CDC-E6F44F77F0BD}"
EndProject
Project("{FAE04EC0-301F-11D3-BF4B-00C04F79EFBC}") = "Shared", "Shared\Shared.csproj", "{023C2479-6C4E-479F-B4FA-AE2D365C94E4}"
EndProject
Global
	GlobalSection(SolutionConfigurationPlatforms) = preSolution
		Debug|Any CPU = Debug|Any CPU
		Release|Any CPU = Release|Any CPU
	EndGlobalSection
	GlobalSection(ProjectConfigurationPlatforms) = postSolution
		{5DFB9E6C-37F5-4DE2-92D7-BF20491B00C1}.Debug|Any CPU.ActiveCfg = Debug|Any CPU
		{5DFB9E6C-37F5-4DE2-92D7-BF20491B00C1}.Debug|Any CPU.Build.0 = Debug|Any CPU
		{5DFB9E6C-37F5-4DE2-92D7-BF20491B00C1}.Release|Any CPU.ActiveCfg = Release|Any CPU
		{5DFB9E6C-37F5-4DE2-92D7-BF20491B00C1}.Release|Any CPU.Build.0 = Release|Any CPU
		{889B3377-157A-4B56-8392-0E1C96B116B9}.Debug|Any CPU.ActiveCfg = Debug|Any CPU
		{889B3377-157A-4B56-8392-0E1C96B116B9}.Debug|Any CPU.Build.0 = Debug|Any CPU
		{889B3377-157A-4B56-8392-0E1C96B116B9}.Release|Any CPU.ActiveCfg = Release|Any CPU
		{889B3377-157A-4B56-8392-0E1C96B116B9}.Release|Any CPU.Build.0 = Release|Any CPU
		{8B1FC46A-30B6-44D9-9CDC-E6F44F77F0BD}.Debug|Any CPU.ActiveCfg = Debug|Any CPU
		{8B1FC46A-30B6-44D9-9CDC-E6F44F77F0BD}.Debug|Any CPU.Build.0 = Debug|Any CPU
		{8B1FC46A-30B6-44D9-9CDC-E6F44F77F0BD}.Release|Any CPU.ActiveCfg = Release|Any CPU
		{8B1FC46A-30B6-44D9-9CDC-E6F44F77F0BD}.Release|Any CPU.Build.0 = Release|Any CPU
		{023C2479-6C4E-479F-B4FA-AE2D365C94E4}.Debug|Any CPU.ActiveCfg = Debug|Any CPU
		{023C2479-6C4E-479F-B4FA-AE2D365C94E4}.Debug|Any CPU.Build.0 = Debug|Any CPU
		{023C2479-6C4E-479F-B4FA-AE2D365C94E4}.Release|Any CPU.ActiveCfg = Release|Any CPU
		{023C2479-6C4E-479F-B4FA-AE2D365C94E4}.Release|Any CPU.Build.0 = Release|Any CPU
	EndGlobalSection
	GlobalSection(SolutionProperties) = preSolution
		HideSolutionNode = FALSE
	EndGlobalSection
	GlobalSection(ExtensibilityGlobals) = postSolution
		SolutionGuid = {9AD9305E-292F-4832-A835-93B38F158420}
	EndGlobalSection
EndGlobal
